{
  "requires": true,
  "lockfileVersion": 1,
  "dependencies": {
    "calendar": {
      "version": "0.1.1",
      "resolved": "https://registry.npmjs.org/calendar/-/calendar-0.1.1.tgz",
      "integrity": "sha512-CExn+MxSU1pCsjYiS+Cx8d1MtIZqezxRhpIu8odr1oqvYG/0C1m8lvehHxTl1FslgKbOD7Z5QuEcyk8sGgpZLQ=="
    },
    "full": {
      "version": "1.0.1",
      "resolved": "https://registry.npmjs.org/full/-/full-1.0.1.tgz",
      "integrity": "sha1-G6TsYDF/LkuP5xfJkLcWrnh/nmA="
    }
  }
}
